
Microsoft Visual Studio Solution File, Format Version 12.00
# Visual Studio Version 17
VisualStudioVersion = 17.6.33815.320
MinimumVisualStudioVersion = 10.0.40219.1
Project("{FAE04EC0-301F-11D3-BF4B-00C04F79EFBC}") = "ProyectoGestionVenta", "ProyectoGestionVenta\ProyectoGestionVenta.csproj", "{7AD52262-1147-4B9E-ABF4-0A15A9D1072F}"
EndProject
Global
	GlobalSection(SolutionConfigurationPlatforms) = preSolution
		Debug|Any CPU = Debug|Any CPU
		Release|Any CPU = Release|Any CPU
	EndGlobalSection
	GlobalSection(ProjectConfigurationPlatforms) = postSolution
		{7AD52262-1147-4B9E-ABF4-0A15A9D1072F}.Debug|Any CPU.ActiveCfg = Debug|Any CPU
		{7AD52262-1147-4B9E-ABF4-0A15A9D1072F}.Debug|Any CPU.Build.0 = Debug|Any CPU
		{7AD52262-1147-4B9E-ABF4-0A15A9D1072F}.Release|Any CPU.ActiveCfg = Release|Any CPU
		{7AD52262-1147-4B9E-ABF4-0A15A9D1072F}.Release|Any CPU.Build.0 = Release|Any CPU
	EndGlobalSection
	GlobalSection(SolutionProperties) = preSolution
		HideSolutionNode = FALSE
	EndGlobalSection
	GlobalSection(ExtensibilityGlobals) = postSolution
		SolutionGuid = {A893D0B0-8377-4D42-87B1-D4719FFEF7AF}
	EndGlobalSection
EndGlobal
